// !$*UTF8*$!
{
	archiveVersion = 1;
	classes = {
	};
	objectVersion = 50;
	objects = {

/* Begin PBXBuildFile section */
		912095822159322300C74906 /* AppDelegate.swift in Sources */ = {isa = PBXBuildFile; fileRef = 912095812159322300C74906 /* AppDelegate.swift */; };
		912095842159322300C74906 /* ViewController.swift in Sources */ = {isa = PBXBuildFile; fileRef = 912095832159322300C74906 /* ViewController.swift */; };
		912095872159322300C74906 /* Main.storyboard in Resources */ = {isa = PBXBuildFile; fileRef = 912095852159322300C74906 /* Main.storyboard */; };
		912095892159322400C74906 /* Assets.xcassets in Resources */ = {isa = PBXBuildFile; fileRef = 912095882159322400C74906 /* Assets.xcassets */; };
		9120958C2159322400C74906 /* LaunchScreen.storyboard in Resources */ = {isa = PBXBuildFile; fileRef = 9120958A2159322400C74906 /* LaunchScreen.storyboard */; };
		912095972159322500C74906 /* MusicBoxTests.swift in Sources */ = {isa = PBXBuildFile; fileRef = 912095962159322500C74906 /* MusicBoxTests.swift */; };
		912095A22159322500C74906 /* MusicBoxUITests.swift in Sources */ = {isa = PBXBuildFile; fileRef = 912095A12159322500C74906 /* MusicBoxUITests.swift */; };
		912095B02159357100C74906 /* Toca Toca.mp3 in Resources */ = {isa = PBXBuildFile; fileRef = 912095AF2159357100C74906 /* Toca Toca.mp3 */; };
		912095B42159388100C74906 /* AssistantViewController.swift in Sources */ = {isa = PBXBuildFile; fileRef = 912095B32159388100C74906 /* AssistantViewController.swift */; };
		912095B62159418200C74906 /* UIView+KVO.swift in Sources */ = {isa = PBXBuildFile; fileRef = 912095B52159418200C74906 /* UIView+KVO.swift */; };
		912095B82159453400C74906 /* AudioPlayer.swift in Sources */ = {isa = PBXBuildFile; fileRef = 912095B72159453400C74906 /* AudioPlayer.swift */; };
		912095BA215A7B3900C74906 /* NSNotification.Name+Extension.swift in Sources */ = {isa = PBXBuildFile; fileRef = 912095B9215A7B3900C74906 /* NSNotification.Name+Extension.swift */; };
		912095BC215A844E00C74906 /* Operators.swift in Sources */ = {isa = PBXBuildFile; fileRef = 912095BB215A844E00C74906 /* Operators.swift */; };
		912095BE215AA08600C74906 /* Observer.swift in Sources */ = {isa = PBXBuildFile; fileRef = 912095BD215AA08600C74906 /* Observer.swift */; };
/* End PBXBuildFile section */

/* Begin PBXContainerItemProxy section */
		912095932159322500C74906 /* PBXContainerItemProxy */ = {
			isa = PBXContainerItemProxy;
			containerPortal = 912095762159322300C74906 /* Project object */;
			proxyType = 1;
			remoteGlobalIDString = 9120957D2159322300C74906;
			remoteInfo = MusicBox;
		};
		9120959E2159322500C74906 /* PBXContainerItemProxy */ = {
			isa = PBXContainerItemProxy;
			containerPortal = 912095762159322300C74906 /* Project object */;
			proxyType = 1;
			remoteGlobalIDString = 9120957D2159322300C74906;
			remoteInfo = MusicBox;
		};
/* End PBXContainerItemProxy section */

/* Begin PBXFileReference section */
		9120957E2159322300C74906 /* MusicBox.app */ = {isa = PBXFileReference; explicitFileType = wrapper.application; includeInIndex = 0; path = MusicBox.app; sourceTree = BUILT_PRODUCTS_DIR; };
		912095812159322300C74906 /* AppDelegate.swift */ = {isa = PBXFileReference; lastKnownFileType = sourcecode.swift; path = AppDelegate.swift; sourceTree = "<group>"; };
		912095832159322300C74906 /* ViewController.swift */ = {isa = PBXFileReference; lastKnownFileType = sourcecode.swift; path = ViewController.swift; sourceTree = "<group>"; };
		912095862159322300C74906 /* Base */ = {isa = PBXFileReference; lastKnownFileType = file.storyboard; name = Base; path = Base.lproj/Main.storyboard; sourceTree = "<group>"; };
		912095882159322400C74906 /* Assets.xcassets */ = {isa = PBXFileReference; lastKnownFileType = folder.assetcatalog; path = Assets.xcassets; sourceTree = "<group>"; };
		9120958B2159322400C74906 /* Base */ = {isa = PBXFileReference; lastKnownFileType = file.storyboard; name = Base; path = Base.lproj/LaunchScreen.storyboard; sourceTree = "<group>"; };
		9120958D2159322400C74906 /* Info.plist */ = {isa = PBXFileReference; lastKnownFileType = text.plist.xml; path = Info.plist; sourceTree = "<group>"; };
		912095922159322500C74906 /* MusicBoxTests.xctest */ = {isa = PBXFileReference; explicitFileType = wrapper.cfbundle; includeInIndex = 0; path = MusicBoxTests.xctest; sourceTree = BUILT_PRODUCTS_DIR; };
		912095962159322500C74906 /* MusicBoxTests.swift */ = {isa = PBXFileReference; lastKnownFileType = sourcecode.swift; path = MusicBoxTests.swift; sourceTree = "<group>"; };
		912095982159322500C74906 /* Info.plist */ = {isa = PBXFileReference; lastKnownFileType = text.plist.xml; path = Info.plist; sourceTree = "<group>"; };
		9120959D2159322500C74906 /* MusicBoxUITests.xctest */ = {isa = PBXFileReference; explicitFileType = wrapper.cfbundle; includeInIndex = 0; path = MusicBoxUITests.xctest; sourceTree = BUILT_PRODUCTS_DIR; };
		912095A12159322500C74906 /* MusicBoxUITests.swift */ = {isa = PBXFileReference; lastKnownFileType = sourcecode.swift; path = MusicBoxUITests.swift; sourceTree = "<group>"; };
		912095A32159322500C74906 /* Info.plist */ = {isa = PBXFileReference; lastKnownFileType = text.plist.xml; path = Info.plist; sourceTree = "<group>"; };
		912095AF2159357100C74906 /* Toca Toca.mp3 */ = {isa = PBXFileReference; lastKnownFileType = audio.mp3; path = "Toca Toca.mp3"; sourceTree = "<group>"; };
		912095B32159388100C74906 /* AssistantViewController.swift */ = {isa = PBXFileReference; lastKnownFileType = sourcecode.swift; path = AssistantViewController.swift; sourceTree = "<group>"; };
		912095B52159418200C74906 /* UIView+KVO.swift */ = {isa = PBXFileReference; lastKnownFileType = sourcecode.swift; path = "UIView+KVO.swift"; sourceTree = "<group>"; };
		912095B72159453400C74906 /* AudioPlayer.swift */ = {isa = PBXFileReference; lastKnownFileType = sourcecode.swift; path = AudioPlayer.swift; sourceTree = "<group>"; };
		912095B9215A7B3900C74906 /* NSNotification.Name+Extension.swift */ = {isa = PBXFileReference; lastKnownFileType = sourcecode.swift; path = "NSNotification.Name+Extension.swift"; sourceTree = "<group>"; };
		912095BB215A844E00C74906 /* Operators.swift */ = {isa = PBXFileReference; lastKnownFileType = sourcecode.swift; path = Operators.swift; sourceTree = "<group>"; };
		912095BD215AA08600C74906 /* Observer.swift */ = {isa = PBXFileReference; lastKnownFileType = sourcecode.swift; path = Observer.swift; sourceTree = "<group>"; };
/* End PBXFileReference section */

/* Begin PBXFrameworksBuildPhase section */
		9120957B2159322300C74906 /* Frameworks */ = {
			isa = PBXFrameworksBuildPhase;
			buildActionMask = 2147483647;
			files = (
			);
			runOnlyForDeploymentPostprocessing = 0;
		};
		9120958F2159322500C74906 /* Frameworks */ = {
			isa = PBXFrameworksBuildPhase;
			buildActionMask = 2147483647;
			files = (
			);
			runOnlyForDeploymentPostprocessing = 0;
		};
		9120959A2159322500C74906 /* Frameworks */ = {
			isa = PBXFrameworksBuildPhase;
			buildActionMask = 2147483647;
			files = (
			);
			runOnlyForDeploymentPostprocessing = 0;
		};
/* End PBXFrameworksBuildPhase section */

/* Begin PBXGroup section */
		912095752159322300C74906 = {
			isa = PBXGroup;
			children = (
				912095802159322300C74906 /* MusicBox */,
				912095952159322500C74906 /* MusicBoxTests */,
				912095A02159322500C74906 /* MusicBoxUITests */,
				9120957F2159322300C74906 /* Products */,
			);
			sourceTree = "<group>";
		};
		9120957F2159322300C74906 /* Products */ = {
			isa = PBXGroup;
			children = (
				9120957E2159322300C74906 /* MusicBox.app */,
				912095922159322500C74906 /* MusicBoxTests.xctest */,
				9120959D2159322500C74906 /* MusicBoxUITests.xctest */,
			);
			name = Products;
			sourceTree = "<group>";
		};
		912095802159322300C74906 /* MusicBox */ = {
			isa = PBXGroup;
			children = (
				912095812159322300C74906 /* AppDelegate.swift */,
				912095832159322300C74906 /* ViewController.swift */,
				912095B52159418200C74906 /* UIView+KVO.swift */,
				912095B32159388100C74906 /* AssistantViewController.swift */,
				912095BB215A844E00C74906 /* Operators.swift */,
				912095B9215A7B3900C74906 /* NSNotification.Name+Extension.swift */,
				912095B72159453400C74906 /* AudioPlayer.swift */,
				912095AF2159357100C74906 /* Toca Toca.mp3 */,
				912095BD215AA08600C74906 /* Observer.swift */,
				912095852159322300C74906 /* Main.storyboard */,
				912095882159322400C74906 /* Assets.xcassets */,
				9120958A2159322400C74906 /* LaunchScreen.storyboard */,
				9120958D2159322400C74906 /* Info.plist */,
			);
			path = MusicBox;
			sourceTree = "<group>";
		};
		912095952159322500C74906 /* MusicBoxTests */ = {
			isa = PBXGroup;
			children = (
				912095962159322500C74906 /* MusicBoxTests.swift */,
				912095982159322500C74906 /* Info.plist */,
			);
			path = MusicBoxTests;
			sourceTree = "<group>";
		};
		912095A02159322500C74906 /* MusicBoxUITests */ = {
			isa = PBXGroup;
			children = (
				912095A12159322500C74906 /* MusicBoxUITests.swift */,
				912095A32159322500C74906 /* Info.plist */,
			);
			path = MusicBoxUITests;
			sourceTree = "<group>";
		};
/* End PBXGroup section */

/* Begin PBXNativeTarget section */
		9120957D2159322300C74906 /* MusicBox */ = {
			isa = PBXNativeTarget;
			buildConfigurationList = 912095A62159322500C74906 /* Build configuration list for PBXNativeTarget "MusicBox" */;
			buildPhases = (
				9120957A2159322300C74906 /* Sources */,
				9120957B2159322300C74906 /* Frameworks */,
				9120957C2159322300C74906 /* Resources */,
			);
			buildRules = (
			);
			dependencies = (
			);
			name = MusicBox;
			productName = MusicBox;
			productReference = 9120957E2159322300C74906 /* MusicBox.app */;
			productType = "com.apple.product-type.application";
		};
		912095912159322500C74906 /* MusicBoxTests */ = {
			isa = PBXNativeTarget;
			buildConfigurationList = 912095A92159322500C74906 /* Build configuration list for PBXNativeTarget "MusicBoxTests" */;
			buildPhases = (
				9120958E2159322500C74906 /* Sources */,
				9120958F2159322500C74906 /* Frameworks */,
				912095902159322500C74906 /* Resources */,
			);
			buildRules = (
			);
			dependencies = (
				912095942159322500C74906 /* PBXTargetDependency */,
			);
			name = MusicBoxTests;
			productName = MusicBoxTests;
			productReference = 912095922159322500C74906 /* MusicBoxTests.xctest */;
			productType = "com.apple.product-type.bundle.unit-test";
		};
		9120959C2159322500C74906 /* MusicBoxUITests */ = {
			isa = PBXNativeTarget;
			buildConfigurationList = 912095AC2159322500C74906 /* Build configuration list for PBXNativeTarget "MusicBoxUITests" */;
			buildPhases = (
				912095992159322500C74906 /* Sources */,
				9120959A2159322500C74906 /* Frameworks */,
				9120959B2159322500C74906 /* Resources */,
			);
			buildRules = (
			);
			dependencies = (
				9120959F2159322500C74906 /* PBXTargetDependency */,
			);
			name = MusicBoxUITests;
			productName = MusicBoxUITests;
			productReference = 9120959D2159322500C74906 /* MusicBoxUITests.xctest */;
			productType = "com.apple.product-type.bundle.ui-testing";
		};
/* End PBXNativeTarget section */

/* Begin PBXProject section */
		912095762159322300C74906 /* Project object */ = {
			isa = PBXProject;
			attributes = {
				LastSwiftUpdateCheck = 1000;
				LastUpgradeCheck = 1000;
				ORGANIZATIONNAME = dumbass;
				TargetAttributes = {
					9120957D2159322300C74906 = {
						CreatedOnToolsVersion = 10.0;
						SystemCapabilities = {
							com.apple.BackgroundModes = {
								enabled = 1;
							};
						};
					};
					912095912159322500C74906 = {
						CreatedOnToolsVersion = 10.0;
						TestTargetID = 9120957D2159322300C74906;
					};
					9120959C2159322500C74906 = {
						CreatedOnToolsVersion = 10.0;
						TestTargetID = 9120957D2159322300C74906;
					};
				};
			};
			buildConfigurationList = 912095792159322300C74906 /* Build configuration list for PBXProject "MusicBox" */;
			compatibilityVersion = "Xcode 9.3";
			developmentRegion = en;
			hasScannedForEncodings = 0;
			knownRegions = (
				en,
				Base,
			);
			mainGroup = 912095752159322300C74906;
			productRefGroup = 9120957F2159322300C74906 /* Products */;
			projectDirPath = "";
			projectRoot = "";
			targets = (
				9120957D2159322300C74906 /* MusicBox */,
				912095912159322500C74906 /* MusicBoxTests */,
				9120959C2159322500C74906 /* MusicBoxUITests */,
			);
		};
/* End PBXProject section */

/* Begin PBXResourcesBuildPhase section */
		9120957C2159322300C74906 /* Resources */ = {
			isa = PBXResourcesBuildPhase;
			buildActionMask = 2147483647;
			files = (
				9120958C2159322400C74906 /* LaunchScreen.storyboard in Resources */,
				912095B02159357100C74906 /* Toca Toca.mp3 in Resources */,
				912095892159322400C74906 /* Assets.xcassets in Resources */,
				912095872159322300C74906 /* Main.storyboard in Resources */,
			);
			runOnlyForDeploymentPostprocessing = 0;
		};
		912095902159322500C74906 /* Resources */ = {
			isa = PBXResourcesBuildPhase;
			buildActionMask = 2147483647;
			files = (
			);
			runOnlyForDeploymentPostprocessing = 0;
		};
		9120959B2159322500C74906 /* Resources */ = {
			isa = PBXResourcesBuildPhase;
			buildActionMask = 2147483647;
			files = (
			);
			runOnlyForDeploymentPostprocessing = 0;
		};
/* End PBXResourcesBuildPhase section */

/* Begin PBXSourcesBuildPhase section */
		9120957A2159322300C74906 /* Sources */ = {
			isa = PBXSourcesBuildPhase;
			buildActionMask = 2147483647;
			files = (
				912095B62159418200C74906 /* UIView+KVO.swift in Sources */,
				912095BE215AA08600C74906 /* Observer.swift in Sources */,
				912095B42159388100C74906 /* AssistantViewController.swift in Sources */,
				912095BC215A844E00C74906 /* Operators.swift in Sources */,
				912095B82159453400C74906 /* AudioPlayer.swift in Sources */,
				912095BA215A7B3900C74906 /* NSNotification.Name+Extension.swift in Sources */,
				912095842159322300C74906 /* ViewController.swift in Sources */,
				912095822159322300C74906 /* AppDelegate.swift in Sources */,
			);
			runOnlyForDeploymentPostprocessing = 0;
		};
		9120958E2159322500C74906 /* Sources */ = {
			isa = PBXSourcesBuildPhase;
			buildActionMask = 2147483647;
			files = (
				912095972159322500C74906 /* MusicBoxTests.swift in Sources */,
			);
			runOnlyForDeploymentPostprocessing = 0;
		};
		912095992159322500C74906 /* Sources */ = {
			isa = PBXSourcesBuildPhase;
			buildActionMask = 2147483647;
			files = (
				912095A22159322500C74906 /* MusicBoxUITests.swift in Sources */,
			);
			runOnlyForDeploymentPostprocessing = 0;
		};
/* End PBXSourcesBuildPhase section */

/* Begin PBXTargetDependency section */
		912095942159322500C74906 /* PBXTargetDependency */ = {
			isa = PBXTargetDependency;
			target = 9120957D2159322300C74906 /* MusicBox */;
			targetProxy = 912095932159322500C74906 /* PBXContainerItemProxy */;
		};
		9120959F2159322500C74906 /* PBXTargetDependency */ = {
			isa = PBXTargetDependency;
			target = 9120957D2159322300C74906 /* MusicBox */;
			targetProxy = 9120959E2159322500C74906 /* PBXContainerItemProxy */;
		};
/* End PBXTargetDependency section */

/* Begin PBXVariantGroup section */
		912095852159322300C74906 /* Main.storyboard */ = {
			isa = PBXVariantGroup;
			children = (
				912095862159322300C74906 /* Base */,
			);
			name = Main.storyboard;
			sourceTree = "<group>";
		};
		9120958A2159322400C74906 /* LaunchScreen.storyboard */ = {
			isa = PBXVariantGroup;
			children = (
				9120958B2159322400C74906 /* Base */,
			);
			name = LaunchScreen.storyboard;
			sourceTree = "<group>";
		};
/* End PBXVariantGroup section */

/* Begin XCBuildConfiguration section */
		912095A42159322500C74906 /* Debug */ = {
			isa = XCBuildConfiguration;
			buildSettings = {
				ALWAYS_SEARCH_USER_PATHS = NO;
				CLANG_ANALYZER_NONNULL = YES;
				CLANG_ANALYZER_NUMBER_OBJECT_CONVERSION = YES_AGGRESSIVE;
				CLANG_CXX_LANGUAGE_STANDARD = "gnu++14";
				CLANG_CXX_LIBRARY = "libc++";
				CLANG_ENABLE_MODULES = YES;
				CLANG_ENABLE_OBJC_ARC = YES;
				CLANG_ENABLE_OBJC_WEAK = YES;
				CLANG_WARN_BLOCK_CAPTURE_AUTORELEASING = YES;
				CLANG_WARN_BOOL_CONVERSION = YES;
				CLANG_WARN_COMMA = YES;
				CLANG_WARN_CONSTANT_CONVERSION = YES;
				CLANG_WARN_DEPRECATED_OBJC_IMPLEMENTATIONS = YES;
				CLANG_WARN_DIRECT_OBJC_ISA_USAGE = YES_ERROR;
				CLANG_WARN_DOCUMENTATION_COMMENTS = YES;
				CLANG_WARN_EMPTY_BODY = YES;
				CLANG_WARN_ENUM_CONVERSION = YES;
				CLANG_WARN_INFINITE_RECURSION = YES;
				CLANG_WARN_INT_CONVERSION = YES;
				CLANG_WARN_NON_LITERAL_NULL_CONVERSION = YES;
				CLANG_WARN_OBJC_IMPLICIT_RETAIN_SELF = YES;
				CLANG_WARN_OBJC_LITERAL_CONVERSION = YES;
				CLANG_WARN_OBJC_ROOT_CLASS = YES_ERROR;
				CLANG_WARN_RANGE_LOOP_ANALYSIS = YES;
				CLANG_WARN_STRICT_PROTOTYPES = YES;
				CLANG_WARN_SUSPICIOUS_MOVE = YES;
				CLANG_WARN_UNGUARDED_AVAILABILITY = YES_AGGRESSIVE;
				CLANG_WARN_UNREACHABLE_CODE = YES;
				CLANG_WARN__DUPLICATE_METHOD_MATCH = YES;
				CODE_SIGN_IDENTITY = "iPhone Developer";
				COPY_PHASE_STRIP = NO;
				DEBUG_INFORMATION_FORMAT = dwarf;
				ENABLE_STRICT_OBJC_MSGSEND = YES;
				ENABLE_TESTABILITY = YES;
				GCC_C_LANGUAGE_STANDARD = gnu11;
				GCC_DYNAMIC_NO_PIC = NO;
				GCC_NO_COMMON_BLOCKS = YES;
				GCC_OPTIMIZATION_LEVEL = 0;
				GCC_PREPROCESSOR_DEFINITIONS = (
					"DEBUG=1",
					"$(inherited)",
				);
				GCC_WARN_64_TO_32_BIT_CONVERSION = YES;
				GCC_WARN_ABOUT_RETURN_TYPE = YES_ERROR;
				GCC_WARN_UNDECLARED_SELECTOR = YES;
				GCC_WARN_UNINITIALIZED_AUTOS = YES_AGGRESSIVE;
				GCC_WARN_UNUSED_FUNCTION = YES;
				GCC_WARN_UNUSED_VARIABLE = YES;
				IPHONEOS_DEPLOYMENT_TARGET = 12.0;
				MTL_ENABLE_DEBUG_INFO = INCLUDE_SOURCE;
				MTL_FAST_MATH = YES;
				ONLY_ACTIVE_ARCH = YES;
				SDKROOT = iphoneos;
				SWIFT_ACTIVE_COMPILATION_CONDITIONS = DEBUG;
				SWIFT_OPTIMIZATION_LEVEL = "-Onone";
			};
			name = Debug;
		};
		912095A52159322500C74906 /* Release */ = {
			isa = XCBuildConfiguration;
			buildSettings = {
				ALWAYS_SEARCH_USER_PATHS = NO;
				CLANG_ANALYZER_NONNULL = YES;
				CLANG_ANALYZER_NUMBER_OBJECT_CONVERSION = YES_AGGRESSIVE;
				CLANG_CXX_LANGUAGE_STANDARD = "gnu++14";
				CLANG_CXX_LIBRARY = "libc++";
				CLANG_ENABLE_MODULES = YES;
				CLANG_ENABLE_OBJC_ARC = YES;
				CLANG_ENABLE_OBJC_WEAK = YES;
				CLANG_WARN_BLOCK_CAPTURE_AUTORELEASING = YES;
				CLANG_WARN_BOOL_CONVERSION = YES;
				CLANG_WARN_COMMA = YES;
				CLANG_WARN_CONSTANT_CONVERSION = YES;
				CLANG_WARN_DEPRECATED_OBJC_IMPLEMENTATIONS = YES;
				CLANG_WARN_DIRECT_OBJC_ISA_USAGE = YES_ERROR;
				CLANG_WARN_DOCUMENTATION_COMMENTS = YES;
				CLANG_WARN_EMPTY_BODY = YES;
				CLANG_WARN_ENUM_CONVERSION = YES;
				CLANG_WARN_INFINITE_RECURSION = YES;
				CLANG_WARN_INT_CONVERSION = YES;
				CLANG_WARN_NON_LITERAL_NULL_CONVERSION = YES;
				CLANG_WARN_OBJC_IMPLICIT_RETAIN_SELF = YES;
				CLANG_WARN_OBJC_LITERAL_CONVERSION = YES;
				CLANG_WARN_OBJC_ROOT_CLASS = YES_ERROR;
				CLANG_WARN_RANGE_LOOP_ANALYSIS = YES;
				CLANG_WARN_STRICT_PROTOTYPES = YES;
				CLANG_WARN_SUSPICIOUS_MOVE = YES;
				CLANG_WARN_UNGUARDED_AVAILABILITY = YES_AGGRESSIVE;
				CLANG_WARN_UNREACHABLE_CODE = YES;
				CLANG_WARN__DUPLICATE_METHOD_MATCH = YES;
				CODE_SIGN_IDENTITY = "iPhone Developer";
				COPY_PHASE_STRIP = NO;
				DEBUG_INFORMATION_FORMAT = "dwarf-with-dsym";
				ENABLE_NS_ASSERTIONS = NO;
				ENABLE_STRICT_OBJC_MSGSEND = YES;
				GCC_C_LANGUAGE_STANDARD = gnu11;
				GCC_NO_COMMON_BLOCKS = YES;
				GCC_WARN_64_TO_32_BIT_CONVERSION = YES;
				GCC_WARN_ABOUT_RETURN_TYPE = YES_ERROR;
				GCC_WARN_UNDECLARED_SELECTOR = YES;
				GCC_WARN_UNINITIALIZED_AUTOS = YES_AGGRESSIVE;
				GCC_WARN_UNUSED_FUNCTION = YES;
				GCC_WARN_UNUSED_VARIABLE = YES;
				IPHONEOS_DEPLOYMENT_TARGET = 12.0;
				MTL_ENABLE_DEBUG_INFO = NO;
				MTL_FAST_MATH = YES;
				SDKROOT = iphoneos;
				SWIFT_COMPILATION_MODE = wholemodule;
				SWIFT_OPTIMIZATION_LEVEL = "-O";
				VALIDATE_PRODUCT = YES;
			};
			name = Release;
		};
		912095A72159322500C74906 /* Debug */ = {
			isa = XCBuildConfiguration;
			buildSettings = {
				ASSETCATALOG_COMPILER_APPICON_NAME = AppIcon;
				CODE_SIGN_STYLE = Automatic;
				DEVELOPMENT_TEAM = 2658W8E4TE;
				INFOPLIST_FILE = MusicBox/Info.plist;
				LD_RUNPATH_SEARCH_PATHS = (
					"$(inherited)",
					"@executable_path/Frameworks",
				);
				PRODUCT_BUNDLE_IDENTIFIER = com.dumbass.MusicBox;
				PRODUCT_NAME = "$(TARGET_NAME)";
				SWIFT_VERSION = 4.2;
				TARGETED_DEVICE_FAMILY = "1,2";
			};
			name = Debug;
		};
		912095A82159322500C74906 /* Release */ = {
			isa = XCBuildConfiguration;
			buildSettings = {
				ASSETCATALOG_COMPILER_APPICON_NAME = AppIcon;
				CODE_SIGN_STYLE = Automatic;
				DEVELOPMENT_TEAM = 2658W8E4TE;
				INFOPLIST_FILE = MusicBox/Info.plist;
				LD_RUNPATH_SEARCH_PATHS = (
					"$(inherited)",
					"@executable_path/Frameworks",
				);
				PRODUCT_BUNDLE_IDENTIFIER = com.dumbass.MusicBox;
				PRODUCT_NAME = "$(TARGET_NAME)";
				SWIFT_VERSION = 4.2;
				TARGETED_DEVICE_FAMILY = "1,2";
			};
			name = Release;
		};
		912095AA2159322500C74906 /* Debug */ = {
			isa = XCBuildConfiguration;
			buildSettings = {
				ALWAYS_EMBED_SWIFT_STANDARD_LIBRARIES = YES;
				BUNDLE_LOADER = "$(TEST_HOST)";
				CODE_SIGN_STYLE = Automatic;
				DEVELOPMENT_TEAM = 2658W8E4TE;
				INFOPLIST_FILE = MusicBoxTests/Info.plist;
				LD_RUNPATH_SEARCH_PATHS = (
					"$(inherited)",
					"@executable_path/Frameworks",
					"@loader_path/Frameworks",
				);
				PRODUCT_BUNDLE_IDENTIFIER = com.dumbass.MusicBoxTests;
				PRODUCT_NAME = "$(TARGET_NAME)";
				SWIFT_VERSION = 4.2;
				TARGETED_DEVICE_FAMILY = "1,2";
				TEST_HOST = "$(BUILT_PRODUCTS_DIR)/MusicBox.app/MusicBox";
			};
			name = Debug;
		};
		912095AB2159322500C74906 /* Release */ = {
			isa = XCBuildConfiguration;
			buildSettings = {
				ALWAYS_EMBED_SWIFT_STANDARD_LIBRARIES = YES;
				BUNDLE_LOADER = "$(TEST_HOST)";
				CODE_SIGN_STYLE = Automatic;
				DEVELOPMENT_TEAM = 2658W8E4TE;
				INFOPLIST_FILE = MusicBoxTests/Info.plist;
				LD_RUNPATH_SEARCH_PATHS = (
					"$(inherited)",
					"@executable_path/Frameworks",
					"@loader_path/Frameworks",
				);
				PRODUCT_BUNDLE_IDENTIFIER = com.dumbass.MusicBoxTests;
				PRODUCT_NAME = "$(TARGET_NAME)";
				SWIFT_VERSION = 4.2;
				TARGETED_DEVICE_FAMILY = "1,2";
				TEST_HOST = "$(BUILT_PRODUCTS_DIR)/MusicBox.app/MusicBox";
			};
			name = Release;
		};
		912095AD2159322500C74906 /* Debug */ = {
			isa = XCBuildConfiguration;
			buildSettings = {
				ALWAYS_EMBED_SWIFT_STANDARD_LIBRARIES = YES;
				CODE_SIGN_STYLE = Automatic;
				DEVELOPMENT_TEAM = 2658W8E4TE;
				INFOPLIST_FILE = MusicBoxUITests/Info.plist;
				LD_RUNPATH_SEARCH_PATHS = (
					"$(inherited)",
					"@executable_path/Frameworks",
					"@loader_path/Frameworks",
				);
				PRODUCT_BUNDLE_IDENTIFIER = com.dumbass.MusicBoxUITests;
				PRODUCT_NAME = "$(TARGET_NAME)";
				SWIFT_VERSION = 4.2;
				TARGETED_DEVICE_FAMILY = "1,2";
				TEST_TARGET_NAME = MusicBox;
			};
			name = Debug;
		};
		912095AE2159322500C74906 /* Release */ = {
			isa = XCBuildConfiguration;
			buildSettings = {
				ALWAYS_EMBED_SWIFT_STANDARD_LIBRARIES = YES;
				CODE_SIGN_STYLE = Automatic;
				DEVELOPMENT_TEAM = 2658W8E4TE;
				INFOPLIST_FILE = MusicBoxUITests/Info.plist;
				LD_RUNPATH_SEARCH_PATHS = (
					"$(inherited)",
					"@executable_path/Frameworks",
					"@loader_path/Frameworks",
				);
				PRODUCT_BUNDLE_IDENTIFIER = com.dumbass.MusicBoxUITests;
				PRODUCT_NAME = "$(TARGET_NAME)";
				SWIFT_VERSION = 4.2;
				TARGETED_DEVICE_FAMILY = "1,2";
				TEST_TARGET_NAME = MusicBox;
			};
			name = Release;
		};
/* End XCBuildConfiguration section */

/* Begin XCConfigurationList section */
		912095792159322300C74906 /* Build configuration list for PBXProject "MusicBox" */ = {
			isa = XCConfigurationList;
			buildConfigurations = (
				912095A42159322500C74906 /* Debug */,
				912095A52159322500C74906 /* Release */,
			);
			defaultConfigurationIsVisible = 0;
			defaultConfigurationName = Release;
		};
		912095A62159322500C74906 /* Build configuration list for PBXNativeTarget "MusicBox" */ = {
			isa = XCConfigurationList;
			buildConfigurations = (
				912095A72159322500C74906 /* Debug */,
				912095A82159322500C74906 /* Release */,
			);
			defaultConfigurationIsVisible = 0;
			defaultConfigurationName = Release;
		};
		912095A92159322500C74906 /* Build configuration list for PBXNativeTarget "MusicBoxTests" */ = {
			isa = XCConfigurationList;
			buildConfigurations = (
				912095AA2159322500C74906 /* Debug */,
				912095AB2159322500C74906 /* Release */,
			);
			defaultConfigurationIsVisible = 0;
			defaultConfigurationName = Release;
		};
		912095AC2159322500C74906 /* Build configuration list for PBXNativeTarget "MusicBoxUITests" */ = {
			isa = XCConfigurationList;
			buildConfigurations = (
				912095AD2159322500C74906 /* Debug */,
				912095AE2159322500C74906 /* Release */,
			);
			defaultConfigurationIsVisible = 0;
			defaultConfigurationName = Release;
		};
/* End XCConfigurationList section */
	};
	rootObject = 912095762159322300C74906 /* Project object */;
}
