// !$*UTF8*$!
{
	archiveVersion = 1;
	classes = {
	};
	objectVersion = 50;
	objects = {

/* Begin PBXBuildFile section */
		9111626221FB4F0A00B7CAE9 /* PhotoBrowser.framework in Frameworks */ = {isa = PBXBuildFile; fileRef = 9111625821FB4F0A00B7CAE9 /* PhotoBrowser.framework */; };
		9111626721FB4F0A00B7CAE9 /* PhotoBrowserTests.swift in Sources */ = {isa = PBXBuildFile; fileRef = 9111626621FB4F0A00B7CAE9 /* PhotoBrowserTests.swift */; };
		9111626921FB4F0A00B7CAE9 /* PhotoBrowser.h in Headers */ = {isa = PBXBuildFile; fileRef = 9111625B21FB4F0A00B7CAE9 /* PhotoBrowser.h */; settings = {ATTRIBUTES = (Public, ); }; };
		9111627E21FB4F5700B7CAE9 /* BrowserInteractor.swift in Sources */ = {isa = PBXBuildFile; fileRef = 9111627721FB4F5600B7CAE9 /* BrowserInteractor.swift */; };
		9111627F21FB4F5700B7CAE9 /* BrowserCell.swift in Sources */ = {isa = PBXBuildFile; fileRef = 9111627821FB4F5600B7CAE9 /* BrowserCell.swift */; };
		9111628021FB4F5700B7CAE9 /* BrowserViewController.swift in Sources */ = {isa = PBXBuildFile; fileRef = 9111627921FB4F5600B7CAE9 /* BrowserViewController.swift */; };
		9111628121FB4F5700B7CAE9 /* BrowserPresenter.swift in Sources */ = {isa = PBXBuildFile; fileRef = 9111627A21FB4F5600B7CAE9 /* BrowserPresenter.swift */; };
		9111628221FB4F5700B7CAE9 /* Browser.storyboard in Resources */ = {isa = PBXBuildFile; fileRef = 9111627C21FB4F5700B7CAE9 /* Browser.storyboard */; };
		9111628621FB509200B7CAE9 /* MBUIKit.framework in Frameworks */ = {isa = PBXBuildFile; fileRef = 9111628521FB509200B7CAE9 /* MBUIKit.framework */; };
		9111628821FB550500B7CAE9 /* BeautiesProvider.swift in Sources */ = {isa = PBXBuildFile; fileRef = 9111628721FB550500B7CAE9 /* BeautiesProvider.swift */; };
		9111628A21FB560700B7CAE9 /* Utils.swift in Sources */ = {isa = PBXBuildFile; fileRef = 9111628921FB560700B7CAE9 /* Utils.swift */; };
		9112DE442262EA4C00138E26 /* GalleryViewController.swift in Sources */ = {isa = PBXBuildFile; fileRef = 9112DE432262EA4C00138E26 /* GalleryViewController.swift */; };
		9112DE492262EC1E00138E26 /* GalleryPresenter.swift in Sources */ = {isa = PBXBuildFile; fileRef = 9112DE482262EC1E00138E26 /* GalleryPresenter.swift */; };
		9112DE4D2262EC6600138E26 /* PhotoEngine.swift in Sources */ = {isa = PBXBuildFile; fileRef = 9112DE4C2262EC6600138E26 /* PhotoEngine.swift */; };
		9112DE4F2262ED7E00138E26 /* GalleryInteractor.swift in Sources */ = {isa = PBXBuildFile; fileRef = 9112DE4E2262ED7E00138E26 /* GalleryInteractor.swift */; };
		9112DE512263049600138E26 /* Asset.swift in Sources */ = {isa = PBXBuildFile; fileRef = 9112DE502263049600138E26 /* Asset.swift */; };
		9112DE5322630D8800138E26 /* Router.swift in Sources */ = {isa = PBXBuildFile; fileRef = 9112DE5222630D8800138E26 /* Router.swift */; };
		9112DE5722631BA100138E26 /* Entrance.swift in Sources */ = {isa = PBXBuildFile; fileRef = 9112DE5622631BA100138E26 /* Entrance.swift */; };
		9112DE5D22631F1000138E26 /* Standard.framework in Frameworks */ = {isa = PBXBuildFile; fileRef = 9112DE5C22631F1000138E26 /* Standard.framework */; };
		9112DE5F22631F1800138E26 /* ImageProcessor.framework in Frameworks */ = {isa = PBXBuildFile; fileRef = 9112DE5E22631F1800138E26 /* ImageProcessor.framework */; };
		914ADD9C2206C2DC00F0212D /* BrowserEntity.swift in Sources */ = {isa = PBXBuildFile; fileRef = 914ADD9B2206C2DC00F0212D /* BrowserEntity.swift */; };
/* End PBXBuildFile section */

/* Begin PBXContainerItemProxy section */
		9111626321FB4F0A00B7CAE9 /* PBXContainerItemProxy */ = {
			isa = PBXContainerItemProxy;
			containerPortal = 9111624F21FB4F0A00B7CAE9 /* Project object */;
			proxyType = 1;
			remoteGlobalIDString = 9111625721FB4F0A00B7CAE9;
			remoteInfo = PhotoBrowser;
		};
/* End PBXContainerItemProxy section */

/* Begin PBXFileReference section */
		9111625821FB4F0A00B7CAE9 /* PhotoBrowser.framework */ = {isa = PBXFileReference; explicitFileType = wrapper.framework; includeInIndex = 0; path = PhotoBrowser.framework; sourceTree = BUILT_PRODUCTS_DIR; };
		9111625B21FB4F0A00B7CAE9 /* PhotoBrowser.h */ = {isa = PBXFileReference; lastKnownFileType = sourcecode.c.h; path = PhotoBrowser.h; sourceTree = "<group>"; };
		9111625C21FB4F0A00B7CAE9 /* Info.plist */ = {isa = PBXFileReference; lastKnownFileType = text.plist.xml; path = Info.plist; sourceTree = "<group>"; };
		9111626121FB4F0A00B7CAE9 /* PhotoBrowserTests.xctest */ = {isa = PBXFileReference; explicitFileType = wrapper.cfbundle; includeInIndex = 0; path = PhotoBrowserTests.xctest; sourceTree = BUILT_PRODUCTS_DIR; };
		9111626621FB4F0A00B7CAE9 /* PhotoBrowserTests.swift */ = {isa = PBXFileReference; lastKnownFileType = sourcecode.swift; path = PhotoBrowserTests.swift; sourceTree = "<group>"; };
		9111626821FB4F0A00B7CAE9 /* Info.plist */ = {isa = PBXFileReference; lastKnownFileType = text.plist.xml; path = Info.plist; sourceTree = "<group>"; };
		9111627721FB4F5600B7CAE9 /* BrowserInteractor.swift */ = {isa = PBXFileReference; fileEncoding = 4; lastKnownFileType = sourcecode.swift; path = BrowserInteractor.swift; sourceTree = "<group>"; };
		9111627821FB4F5600B7CAE9 /* BrowserCell.swift */ = {isa = PBXFileReference; fileEncoding = 4; lastKnownFileType = sourcecode.swift; path = BrowserCell.swift; sourceTree = "<group>"; };
		9111627921FB4F5600B7CAE9 /* BrowserViewController.swift */ = {isa = PBXFileReference; fileEncoding = 4; lastKnownFileType = sourcecode.swift; path = BrowserViewController.swift; sourceTree = "<group>"; };
		9111627A21FB4F5600B7CAE9 /* BrowserPresenter.swift */ = {isa = PBXFileReference; fileEncoding = 4; lastKnownFileType = sourcecode.swift; path = BrowserPresenter.swift; sourceTree = "<group>"; };
		9111627C21FB4F5700B7CAE9 /* Browser.storyboard */ = {isa = PBXFileReference; fileEncoding = 4; lastKnownFileType = file.storyboard; path = Browser.storyboard; sourceTree = "<group>"; };
		9111628521FB509200B7CAE9 /* MBUIKit.framework */ = {isa = PBXFileReference; explicitFileType = wrapper.framework; path = MBUIKit.framework; sourceTree = BUILT_PRODUCTS_DIR; };
		9111628721FB550500B7CAE9 /* BeautiesProvider.swift */ = {isa = PBXFileReference; lastKnownFileType = sourcecode.swift; path = BeautiesProvider.swift; sourceTree = "<group>"; };
		9111628921FB560700B7CAE9 /* Utils.swift */ = {isa = PBXFileReference; lastKnownFileType = sourcecode.swift; path = Utils.swift; sourceTree = "<group>"; };
		9111628E21FB5E9900B7CAE9 /* Standard.framework */ = {isa = PBXFileReference; explicitFileType = wrapper.framework; path = Standard.framework; sourceTree = BUILT_PRODUCTS_DIR; };
		9112DE432262EA4C00138E26 /* GalleryViewController.swift */ = {isa = PBXFileReference; lastKnownFileType = sourcecode.swift; path = GalleryViewController.swift; sourceTree = "<group>"; };
		9112DE482262EC1E00138E26 /* GalleryPresenter.swift */ = {isa = PBXFileReference; lastKnownFileType = sourcecode.swift; path = GalleryPresenter.swift; sourceTree = "<group>"; };
		9112DE4C2262EC6600138E26 /* PhotoEngine.swift */ = {isa = PBXFileReference; lastKnownFileType = sourcecode.swift; path = PhotoEngine.swift; sourceTree = "<group>"; };
		9112DE4E2262ED7E00138E26 /* GalleryInteractor.swift */ = {isa = PBXFileReference; lastKnownFileType = sourcecode.swift; path = GalleryInteractor.swift; sourceTree = "<group>"; };
		9112DE502263049600138E26 /* Asset.swift */ = {isa = PBXFileReference; lastKnownFileType = sourcecode.swift; path = Asset.swift; sourceTree = "<group>"; };
		9112DE5222630D8800138E26 /* Router.swift */ = {isa = PBXFileReference; lastKnownFileType = sourcecode.swift; path = Router.swift; sourceTree = "<group>"; };
		9112DE5622631BA100138E26 /* Entrance.swift */ = {isa = PBXFileReference; lastKnownFileType = sourcecode.swift; path = Entrance.swift; sourceTree = "<group>"; };
		9112DE5C22631F1000138E26 /* Standard.framework */ = {isa = PBXFileReference; explicitFileType = wrapper.framework; path = Standard.framework; sourceTree = BUILT_PRODUCTS_DIR; };
		9112DE5E22631F1800138E26 /* ImageProcessor.framework */ = {isa = PBXFileReference; explicitFileType = wrapper.framework; path = ImageProcessor.framework; sourceTree = BUILT_PRODUCTS_DIR; };
		914ADD9B2206C2DC00F0212D /* BrowserEntity.swift */ = {isa = PBXFileReference; lastKnownFileType = sourcecode.swift; path = BrowserEntity.swift; sourceTree = "<group>"; };
/* End PBXFileReference section */

/* Begin PBXFrameworksBuildPhase section */
		9111625521FB4F0A00B7CAE9 /* Frameworks */ = {
			isa = PBXFrameworksBuildPhase;
			buildActionMask = 2147483647;
			files = (
				9112DE5F22631F1800138E26 /* ImageProcessor.framework in Frameworks */,
				9112DE5D22631F1000138E26 /* Standard.framework in Frameworks */,
				9111628621FB509200B7CAE9 /* MBUIKit.framework in Frameworks */,
			);
			runOnlyForDeploymentPostprocessing = 0;
		};
		9111625E21FB4F0A00B7CAE9 /* Frameworks */ = {
			isa = PBXFrameworksBuildPhase;
			buildActionMask = 2147483647;
			files = (
				9111626221FB4F0A00B7CAE9 /* PhotoBrowser.framework in Frameworks */,
			);
			runOnlyForDeploymentPostprocessing = 0;
		};
/* End PBXFrameworksBuildPhase section */

/* Begin PBXGroup section */
		9111624E21FB4F0A00B7CAE9 = {
			isa = PBXGroup;
			children = (
				9111625A21FB4F0A00B7CAE9 /* PhotoBrowser */,
				9111626521FB4F0A00B7CAE9 /* PhotoBrowserTests */,
				9111625921FB4F0A00B7CAE9 /* Products */,
				9111628421FB509100B7CAE9 /* Frameworks */,
			);
			sourceTree = "<group>";
		};
		9111625921FB4F0A00B7CAE9 /* Products */ = {
			isa = PBXGroup;
			children = (
				9111625821FB4F0A00B7CAE9 /* PhotoBrowser.framework */,
				9111626121FB4F0A00B7CAE9 /* PhotoBrowserTests.xctest */,
			);
			name = Products;
			sourceTree = "<group>";
		};
		9111625A21FB4F0A00B7CAE9 /* PhotoBrowser */ = {
			isa = PBXGroup;
			children = (
				9111627B21FB4F5700B7CAE9 /* Resource */,
				9111627621FB4F5600B7CAE9 /* Source */,
				9111625B21FB4F0A00B7CAE9 /* PhotoBrowser.h */,
				9111625C21FB4F0A00B7CAE9 /* Info.plist */,
			);
			path = PhotoBrowser;
			sourceTree = "<group>";
		};
		9111626521FB4F0A00B7CAE9 /* PhotoBrowserTests */ = {
			isa = PBXGroup;
			children = (
				9111626621FB4F0A00B7CAE9 /* PhotoBrowserTests.swift */,
				9111626821FB4F0A00B7CAE9 /* Info.plist */,
			);
			path = PhotoBrowserTests;
			sourceTree = "<group>";
		};
		9111627621FB4F5600B7CAE9 /* Source */ = {
			isa = PBXGroup;
			children = (
				9112DE4B2262EC4F00138E26 /* Engine */,
				9112DE4A2262EC2100138E26 /* Router */,
				9112DE472262EC0500138E26 /* Entity */,
				9112DE462262EBFE00138E26 /* Interactor */,
				9112DE452262EBF400138E26 /* Presenter */,
				9111628921FB560700B7CAE9 /* Utils.swift */,
				9111627821FB4F5600B7CAE9 /* BrowserCell.swift */,
				9111627921FB4F5600B7CAE9 /* BrowserViewController.swift */,
				9111627721FB4F5600B7CAE9 /* BrowserInteractor.swift */,
				9111627A21FB4F5600B7CAE9 /* BrowserPresenter.swift */,
				9111628721FB550500B7CAE9 /* BeautiesProvider.swift */,
				914ADD9B2206C2DC00F0212D /* BrowserEntity.swift */,
				9112DE432262EA4C00138E26 /* GalleryViewController.swift */,
				9112DE5622631BA100138E26 /* Entrance.swift */,
			);
			path = Source;
			sourceTree = "<group>";
		};
		9111627B21FB4F5700B7CAE9 /* Resource */ = {
			isa = PBXGroup;
			children = (
				9111627C21FB4F5700B7CAE9 /* Browser.storyboard */,
			);
			path = Resource;
			sourceTree = "<group>";
		};
		9111628421FB509100B7CAE9 /* Frameworks */ = {
			isa = PBXGroup;
			children = (
				9112DE5E22631F1800138E26 /* ImageProcessor.framework */,
				9112DE5C22631F1000138E26 /* Standard.framework */,
				9111628E21FB5E9900B7CAE9 /* Standard.framework */,
				9111628521FB509200B7CAE9 /* MBUIKit.framework */,
			);
			name = Frameworks;
			sourceTree = "<group>";
		};
		9112DE452262EBF400138E26 /* Presenter */ = {
			isa = PBXGroup;
			children = (
				9112DE482262EC1E00138E26 /* GalleryPresenter.swift */,
			);
			path = Presenter;
			sourceTree = "<group>";
		};
		9112DE462262EBFE00138E26 /* Interactor */ = {
			isa = PBXGroup;
			children = (
				9112DE4E2262ED7E00138E26 /* GalleryInteractor.swift */,
			);
			path = Interactor;
			sourceTree = "<group>";
		};
		9112DE472262EC0500138E26 /* Entity */ = {
			isa = PBXGroup;
			children = (
				9112DE502263049600138E26 /* Asset.swift */,
			);
			path = Entity;
			sourceTree = "<group>";
		};
		9112DE4A2262EC2100138E26 /* Router */ = {
			isa = PBXGroup;
			children = (
				9112DE5222630D8800138E26 /* Router.swift */,
			);
			path = Router;
			sourceTree = "<group>";
		};
		9112DE4B2262EC4F00138E26 /* Engine */ = {
			isa = PBXGroup;
			children = (
				9112DE4C2262EC6600138E26 /* PhotoEngine.swift */,
			);
			path = Engine;
			sourceTree = "<group>";
		};
/* End PBXGroup section */

/* Begin PBXHeadersBuildPhase section */
		9111625321FB4F0A00B7CAE9 /* Headers */ = {
			isa = PBXHeadersBuildPhase;
			buildActionMask = 2147483647;
			files = (
				9111626921FB4F0A00B7CAE9 /* PhotoBrowser.h in Headers */,
			);
			runOnlyForDeploymentPostprocessing = 0;
		};
/* End PBXHeadersBuildPhase section */

/* Begin PBXNativeTarget section */
		9111625721FB4F0A00B7CAE9 /* PhotoBrowser */ = {
			isa = PBXNativeTarget;
			buildConfigurationList = 9111626C21FB4F0A00B7CAE9 /* Build configuration list for PBXNativeTarget "PhotoBrowser" */;
			buildPhases = (
				9111625321FB4F0A00B7CAE9 /* Headers */,
				9111625421FB4F0A00B7CAE9 /* Sources */,
				9111625521FB4F0A00B7CAE9 /* Frameworks */,
				9111625621FB4F0A00B7CAE9 /* Resources */,
			);
			buildRules = (
			);
			dependencies = (
			);
			name = PhotoBrowser;
			productName = PhotoBrowser;
			productReference = 9111625821FB4F0A00B7CAE9 /* PhotoBrowser.framework */;
			productType = "com.apple.product-type.framework";
		};
		9111626021FB4F0A00B7CAE9 /* PhotoBrowserTests */ = {
			isa = PBXNativeTarget;
			buildConfigurationList = 9111626F21FB4F0A00B7CAE9 /* Build configuration list for PBXNativeTarget "PhotoBrowserTests" */;
			buildPhases = (
				9111625D21FB4F0A00B7CAE9 /* Sources */,
				9111625E21FB4F0A00B7CAE9 /* Frameworks */,
				9111625F21FB4F0A00B7CAE9 /* Resources */,
			);
			buildRules = (
			);
			dependencies = (
				9111626421FB4F0A00B7CAE9 /* PBXTargetDependency */,
			);
			name = PhotoBrowserTests;
			productName = PhotoBrowserTests;
			productReference = 9111626121FB4F0A00B7CAE9 /* PhotoBrowserTests.xctest */;
			productType = "com.apple.product-type.bundle.unit-test";
		};
/* End PBXNativeTarget section */

/* Begin PBXProject section */
		9111624F21FB4F0A00B7CAE9 /* Project object */ = {
			isa = PBXProject;
			attributes = {
				LastSwiftUpdateCheck = 1010;
				LastUpgradeCheck = 1010;
				ORGANIZATIONNAME = dumbass;
				TargetAttributes = {
					9111625721FB4F0A00B7CAE9 = {
						CreatedOnToolsVersion = 10.1;
					};
					9111626021FB4F0A00B7CAE9 = {
						CreatedOnToolsVersion = 10.1;
					};
				};
			};
			buildConfigurationList = 9111625221FB4F0A00B7CAE9 /* Build configuration list for PBXProject "PhotoBrowser" */;
			compatibilityVersion = "Xcode 9.3";
			developmentRegion = en;
			hasScannedForEncodings = 0;
			knownRegions = (
				en,
				Base,
			);
			mainGroup = 9111624E21FB4F0A00B7CAE9;
			productRefGroup = 9111625921FB4F0A00B7CAE9 /* Products */;
			projectDirPath = "";
			projectRoot = "";
			targets = (
				9111625721FB4F0A00B7CAE9 /* PhotoBrowser */,
				9111626021FB4F0A00B7CAE9 /* PhotoBrowserTests */,
			);
		};
/* End PBXProject section */

/* Begin PBXResourcesBuildPhase section */
		9111625621FB4F0A00B7CAE9 /* Resources */ = {
			isa = PBXResourcesBuildPhase;
			buildActionMask = 2147483647;
			files = (
				9111628221FB4F5700B7CAE9 /* Browser.storyboard in Resources */,
			);
			runOnlyForDeploymentPostprocessing = 0;
		};
		9111625F21FB4F0A00B7CAE9 /* Resources */ = {
			isa = PBXResourcesBuildPhase;
			buildActionMask = 2147483647;
			files = (
			);
			runOnlyForDeploymentPostprocessing = 0;
		};
/* End PBXResourcesBuildPhase section */

/* Begin PBXSourcesBuildPhase section */
		9111625421FB4F0A00B7CAE9 /* Sources */ = {
			isa = PBXSourcesBuildPhase;
			buildActionMask = 2147483647;
			files = (
				9111627F21FB4F5700B7CAE9 /* BrowserCell.swift in Sources */,
				9111628121FB4F5700B7CAE9 /* BrowserPresenter.swift in Sources */,
				9111628021FB4F5700B7CAE9 /* BrowserViewController.swift in Sources */,
				9112DE5722631BA100138E26 /* Entrance.swift in Sources */,
				9112DE4F2262ED7E00138E26 /* GalleryInteractor.swift in Sources */,
				9111628821FB550500B7CAE9 /* BeautiesProvider.swift in Sources */,
				914ADD9C2206C2DC00F0212D /* BrowserEntity.swift in Sources */,
				9112DE512263049600138E26 /* Asset.swift in Sources */,
				9112DE442262EA4C00138E26 /* GalleryViewController.swift in Sources */,
				9112DE4D2262EC6600138E26 /* PhotoEngine.swift in Sources */,
				9111627E21FB4F5700B7CAE9 /* BrowserInteractor.swift in Sources */,
				9112DE492262EC1E00138E26 /* GalleryPresenter.swift in Sources */,
				9111628A21FB560700B7CAE9 /* Utils.swift in Sources */,
				9112DE5322630D8800138E26 /* Router.swift in Sources */,
			);
			runOnlyForDeploymentPostprocessing = 0;
		};
		9111625D21FB4F0A00B7CAE9 /* Sources */ = {
			isa = PBXSourcesBuildPhase;
			buildActionMask = 2147483647;
			files = (
				9111626721FB4F0A00B7CAE9 /* PhotoBrowserTests.swift in Sources */,
			);
			runOnlyForDeploymentPostprocessing = 0;
		};
/* End PBXSourcesBuildPhase section */

/* Begin PBXTargetDependency section */
		9111626421FB4F0A00B7CAE9 /* PBXTargetDependency */ = {
			isa = PBXTargetDependency;
			target = 9111625721FB4F0A00B7CAE9 /* PhotoBrowser */;
			targetProxy = 9111626321FB4F0A00B7CAE9 /* PBXContainerItemProxy */;
		};
/* End PBXTargetDependency section */

/* Begin XCBuildConfiguration section */
		9111626A21FB4F0A00B7CAE9 /* Debug */ = {
			isa = XCBuildConfiguration;
			buildSettings = {
				ALWAYS_SEARCH_USER_PATHS = NO;
				CLANG_ANALYZER_NONNULL = YES;
				CLANG_ANALYZER_NUMBER_OBJECT_CONVERSION = YES_AGGRESSIVE;
				CLANG_CXX_LANGUAGE_STANDARD = "gnu++14";
				CLANG_CXX_LIBRARY = "libc++";
				CLANG_ENABLE_MODULES = YES;
				CLANG_ENABLE_OBJC_ARC = YES;
				CLANG_ENABLE_OBJC_WEAK = YES;
				CLANG_WARN_BLOCK_CAPTURE_AUTORELEASING = YES;
				CLANG_WARN_BOOL_CONVERSION = YES;
				CLANG_WARN_COMMA = YES;
				CLANG_WARN_CONSTANT_CONVERSION = YES;
				CLANG_WARN_DEPRECATED_OBJC_IMPLEMENTATIONS = YES;
				CLANG_WARN_DIRECT_OBJC_ISA_USAGE = YES_ERROR;
				CLANG_WARN_DOCUMENTATION_COMMENTS = YES;
				CLANG_WARN_EMPTY_BODY = YES;
				CLANG_WARN_ENUM_CONVERSION = YES;
				CLANG_WARN_INFINITE_RECURSION = YES;
				CLANG_WARN_INT_CONVERSION = YES;
				CLANG_WARN_NON_LITERAL_NULL_CONVERSION = YES;
				CLANG_WARN_OBJC_IMPLICIT_RETAIN_SELF = YES;
				CLANG_WARN_OBJC_LITERAL_CONVERSION = YES;
				CLANG_WARN_OBJC_ROOT_CLASS = YES_ERROR;
				CLANG_WARN_RANGE_LOOP_ANALYSIS = YES;
				CLANG_WARN_STRICT_PROTOTYPES = YES;
				CLANG_WARN_SUSPICIOUS_MOVE = YES;
				CLANG_WARN_UNGUARDED_AVAILABILITY = YES_AGGRESSIVE;
				CLANG_WARN_UNREACHABLE_CODE = YES;
				CLANG_WARN__DUPLICATE_METHOD_MATCH = YES;
				CODE_SIGN_IDENTITY = "iPhone Developer";
				COPY_PHASE_STRIP = NO;
				CURRENT_PROJECT_VERSION = 1;
				DEBUG_INFORMATION_FORMAT = dwarf;
				ENABLE_STRICT_OBJC_MSGSEND = YES;
				ENABLE_TESTABILITY = YES;
				GCC_C_LANGUAGE_STANDARD = gnu11;
				GCC_DYNAMIC_NO_PIC = NO;
				GCC_NO_COMMON_BLOCKS = YES;
				GCC_OPTIMIZATION_LEVEL = 0;
				GCC_PREPROCESSOR_DEFINITIONS = (
					"DEBUG=1",
					"$(inherited)",
				);
				GCC_WARN_64_TO_32_BIT_CONVERSION = YES;
				GCC_WARN_ABOUT_RETURN_TYPE = YES_ERROR;
				GCC_WARN_UNDECLARED_SELECTOR = YES;
				GCC_WARN_UNINITIALIZED_AUTOS = YES_AGGRESSIVE;
				GCC_WARN_UNUSED_FUNCTION = YES;
				GCC_WARN_UNUSED_VARIABLE = YES;
				IPHONEOS_DEPLOYMENT_TARGET = 12.1;
				MTL_ENABLE_DEBUG_INFO = INCLUDE_SOURCE;
				MTL_FAST_MATH = YES;
				ONLY_ACTIVE_ARCH = YES;
				SDKROOT = iphoneos;
				SWIFT_ACTIVE_COMPILATION_CONDITIONS = DEBUG;
				SWIFT_OPTIMIZATION_LEVEL = "-Onone";
				VERSIONING_SYSTEM = "apple-generic";
				VERSION_INFO_PREFIX = "";
			};
			name = Debug;
		};
		9111626B21FB4F0A00B7CAE9 /* Release */ = {
			isa = XCBuildConfiguration;
			buildSettings = {
				ALWAYS_SEARCH_USER_PATHS = NO;
				CLANG_ANALYZER_NONNULL = YES;
				CLANG_ANALYZER_NUMBER_OBJECT_CONVERSION = YES_AGGRESSIVE;
				CLANG_CXX_LANGUAGE_STANDARD = "gnu++14";
				CLANG_CXX_LIBRARY = "libc++";
				CLANG_ENABLE_MODULES = YES;
				CLANG_ENABLE_OBJC_ARC = YES;
				CLANG_ENABLE_OBJC_WEAK = YES;
				CLANG_WARN_BLOCK_CAPTURE_AUTORELEASING = YES;
				CLANG_WARN_BOOL_CONVERSION = YES;
				CLANG_WARN_COMMA = YES;
				CLANG_WARN_CONSTANT_CONVERSION = YES;
				CLANG_WARN_DEPRECATED_OBJC_IMPLEMENTATIONS = YES;
				CLANG_WARN_DIRECT_OBJC_ISA_USAGE = YES_ERROR;
				CLANG_WARN_DOCUMENTATION_COMMENTS = YES;
				CLANG_WARN_EMPTY_BODY = YES;
				CLANG_WARN_ENUM_CONVERSION = YES;
				CLANG_WARN_INFINITE_RECURSION = YES;
				CLANG_WARN_INT_CONVERSION = YES;
				CLANG_WARN_NON_LITERAL_NULL_CONVERSION = YES;
				CLANG_WARN_OBJC_IMPLICIT_RETAIN_SELF = YES;
				CLANG_WARN_OBJC_LITERAL_CONVERSION = YES;
				CLANG_WARN_OBJC_ROOT_CLASS = YES_ERROR;
				CLANG_WARN_RANGE_LOOP_ANALYSIS = YES;
				CLANG_WARN_STRICT_PROTOTYPES = YES;
				CLANG_WARN_SUSPICIOUS_MOVE = YES;
				CLANG_WARN_UNGUARDED_AVAILABILITY = YES_AGGRESSIVE;
				CLANG_WARN_UNREACHABLE_CODE = YES;
				CLANG_WARN__DUPLICATE_METHOD_MATCH = YES;
				CODE_SIGN_IDENTITY = "iPhone Developer";
				COPY_PHASE_STRIP = NO;
				CURRENT_PROJECT_VERSION = 1;
				DEBUG_INFORMATION_FORMAT = "dwarf-with-dsym";
				ENABLE_NS_ASSERTIONS = NO;
				ENABLE_STRICT_OBJC_MSGSEND = YES;
				GCC_C_LANGUAGE_STANDARD = gnu11;
				GCC_NO_COMMON_BLOCKS = YES;
				GCC_WARN_64_TO_32_BIT_CONVERSION = YES;
				GCC_WARN_ABOUT_RETURN_TYPE = YES_ERROR;
				GCC_WARN_UNDECLARED_SELECTOR = YES;
				GCC_WARN_UNINITIALIZED_AUTOS = YES_AGGRESSIVE;
				GCC_WARN_UNUSED_FUNCTION = YES;
				GCC_WARN_UNUSED_VARIABLE = YES;
				IPHONEOS_DEPLOYMENT_TARGET = 12.1;
				MTL_ENABLE_DEBUG_INFO = NO;
				MTL_FAST_MATH = YES;
				SDKROOT = iphoneos;
				SWIFT_COMPILATION_MODE = wholemodule;
				SWIFT_OPTIMIZATION_LEVEL = "-O";
				VALIDATE_PRODUCT = YES;
				VERSIONING_SYSTEM = "apple-generic";
				VERSION_INFO_PREFIX = "";
			};
			name = Release;
		};
		9111626D21FB4F0A00B7CAE9 /* Debug */ = {
			isa = XCBuildConfiguration;
			buildSettings = {
				CODE_SIGN_IDENTITY = "";
				CODE_SIGN_STYLE = Automatic;
				DEFINES_MODULE = YES;
				DYLIB_COMPATIBILITY_VERSION = 1;
				DYLIB_CURRENT_VERSION = 1;
				DYLIB_INSTALL_NAME_BASE = "@rpath";
				INFOPLIST_FILE = PhotoBrowser/Info.plist;
				INSTALL_PATH = "$(LOCAL_LIBRARY_DIR)/Frameworks";
				LD_RUNPATH_SEARCH_PATHS = (
					"$(inherited)",
					"@executable_path/Frameworks",
					"@loader_path/Frameworks",
				);
				PRODUCT_BUNDLE_IDENTIFIER = com.dumbass.PhotoBrowser;
				PRODUCT_NAME = "$(TARGET_NAME:c99extidentifier)";
				SKIP_INSTALL = YES;
				SWIFT_VERSION = 4.2;
				TARGETED_DEVICE_FAMILY = "1,2";
			};
			name = Debug;
		};
		9111626E21FB4F0A00B7CAE9 /* Release */ = {
			isa = XCBuildConfiguration;
			buildSettings = {
				CODE_SIGN_IDENTITY = "";
				CODE_SIGN_STYLE = Automatic;
				DEFINES_MODULE = YES;
				DYLIB_COMPATIBILITY_VERSION = 1;
				DYLIB_CURRENT_VERSION = 1;
				DYLIB_INSTALL_NAME_BASE = "@rpath";
				INFOPLIST_FILE = PhotoBrowser/Info.plist;
				INSTALL_PATH = "$(LOCAL_LIBRARY_DIR)/Frameworks";
				LD_RUNPATH_SEARCH_PATHS = (
					"$(inherited)",
					"@executable_path/Frameworks",
					"@loader_path/Frameworks",
				);
				PRODUCT_BUNDLE_IDENTIFIER = com.dumbass.PhotoBrowser;
				PRODUCT_NAME = "$(TARGET_NAME:c99extidentifier)";
				SKIP_INSTALL = YES;
				SWIFT_VERSION = 4.2;
				TARGETED_DEVICE_FAMILY = "1,2";
			};
			name = Release;
		};
		9111627021FB4F0A00B7CAE9 /* Debug */ = {
			isa = XCBuildConfiguration;
			buildSettings = {
				ALWAYS_EMBED_SWIFT_STANDARD_LIBRARIES = YES;
				CODE_SIGN_STYLE = Automatic;
				INFOPLIST_FILE = PhotoBrowserTests/Info.plist;
				LD_RUNPATH_SEARCH_PATHS = (
					"$(inherited)",
					"@executable_path/Frameworks",
					"@loader_path/Frameworks",
				);
				PRODUCT_BUNDLE_IDENTIFIER = com.dumbass.PhotoBrowserTests;
				PRODUCT_NAME = "$(TARGET_NAME)";
				SWIFT_VERSION = 4.2;
				TARGETED_DEVICE_FAMILY = "1,2";
			};
			name = Debug;
		};
		9111627121FB4F0A00B7CAE9 /* Release */ = {
			isa = XCBuildConfiguration;
			buildSettings = {
				ALWAYS_EMBED_SWIFT_STANDARD_LIBRARIES = YES;
				CODE_SIGN_STYLE = Automatic;
				INFOPLIST_FILE = PhotoBrowserTests/Info.plist;
				LD_RUNPATH_SEARCH_PATHS = (
					"$(inherited)",
					"@executable_path/Frameworks",
					"@loader_path/Frameworks",
				);
				PRODUCT_BUNDLE_IDENTIFIER = com.dumbass.PhotoBrowserTests;
				PRODUCT_NAME = "$(TARGET_NAME)";
				SWIFT_VERSION = 4.2;
				TARGETED_DEVICE_FAMILY = "1,2";
			};
			name = Release;
		};
/* End XCBuildConfiguration section */

/* Begin XCConfigurationList section */
		9111625221FB4F0A00B7CAE9 /* Build configuration list for PBXProject "PhotoBrowser" */ = {
			isa = XCConfigurationList;
			buildConfigurations = (
				9111626A21FB4F0A00B7CAE9 /* Debug */,
				9111626B21FB4F0A00B7CAE9 /* Release */,
			);
			defaultConfigurationIsVisible = 0;
			defaultConfigurationName = Release;
		};
		9111626C21FB4F0A00B7CAE9 /* Build configuration list for PBXNativeTarget "PhotoBrowser" */ = {
			isa = XCConfigurationList;
			buildConfigurations = (
				9111626D21FB4F0A00B7CAE9 /* Debug */,
				9111626E21FB4F0A00B7CAE9 /* Release */,
			);
			defaultConfigurationIsVisible = 0;
			defaultConfigurationName = Release;
		};
		9111626F21FB4F0A00B7CAE9 /* Build configuration list for PBXNativeTarget "PhotoBrowserTests" */ = {
			isa = XCConfigurationList;
			buildConfigurations = (
				9111627021FB4F0A00B7CAE9 /* Debug */,
				9111627121FB4F0A00B7CAE9 /* Release */,
			);
			defaultConfigurationIsVisible = 0;
			defaultConfigurationName = Release;
		};
/* End XCConfigurationList section */
	};
	rootObject = 9111624F21FB4F0A00B7CAE9 /* Project object */;
}
